// !$*UTF8*$!
{
	archiveVersion = 1;
	classes = {
	};
	objectVersion = 56;
	objects = {

/* Begin PBXBuildFile section */
		B175D2172F310AB600907398 /* MoodistApp.swift in Sources */ = {isa = PBXBuildFile; fileRef = A20000000000000100000001 /* MoodistApp.swift */; };
		B175D2182F310AB600907398 /* ContentView.swift in Sources */ = {isa = PBXBuildFile; fileRef = A20000000000000100000002 /* ContentView.swift */; };
		B175D2192F310AB600907398 /* CategoryView.swift in Sources */ = {isa = PBXBuildFile; fileRef = A20000000000000100000003 /* CategoryView.swift */; };
		B175D21A2F310AB600907398 /* SoundRow.swift in Sources */ = {isa = PBXBuildFile; fileRef = A20000000000000100000004 /* SoundRow.swift */; };
		B175D21B2F310AB600907398 /* Sound.swift in Sources */ = {isa = PBXBuildFile; fileRef = A20000000000000100000005 /* Sound.swift */; };
		B175D21C2F310AB600907398 /* SoundCategory.swift in Sources */ = {isa = PBXBuildFile; fileRef = A20000000000000100000006 /* SoundCategory.swift */; };
		B175D21D2F310AB600907398 /* SoundStateItem.swift in Sources */ = {isa = PBXBuildFile; fileRef = A20000000000000100000007 /* SoundStateItem.swift */; };
		B175D21E2F310AB600907398 /* SoundsData.swift in Sources */ = {isa = PBXBuildFile; fileRef = A20000000000000100000008 /* SoundsData.swift */; };
		B175D21F2F310AB600907398 /* AudioService.swift in Sources */ = {isa = PBXBuildFile; fileRef = A20000000000000100000009 /* AudioService.swift */; };
		B175D2202F310AB600907398 /* PersistenceService.swift in Sources */ = {isa = PBXBuildFile; fileRef = A2000000000000010000000A /* PersistenceService.swift */; };
		B175D2212F310AB600907398 /* SoundStore.swift in Sources */ = {isa = PBXBuildFile; fileRef = A2000000000000010000000B /* SoundStore.swift */; };
		B175D2222F310AB600907398 /* PlatformColor.swift in Sources */ = {isa = PBXBuildFile; fileRef = A2000000000000010000000C /* PlatformColor.swift */; };
		B175D2232F310AB600907398 /* Assets.xcassets in Resources */ = {isa = PBXBuildFile; fileRef = A2000000000000010000000D /* Assets.xcassets */; };
		B175D2242F310AB600907398 /* sounds in Resources */ = {isa = PBXBuildFile; fileRef = A2000000000000010000000E /* sounds */; };
		B175D2252F310AB600907398 /* OptionsView.swift in Sources */ = {isa = PBXBuildFile; fileRef = A2000000000000010000000F /* OptionsView.swift */; };
		B175D2262F310AB600907398 /* MoodistTheme.swift in Sources */ = {isa = PBXBuildFile; fileRef = A20000000000000100000010 /* MoodistTheme.swift */; };
		B175D2272F310AB600907398 /* L10n.swift in Sources */ = {isa = PBXBuildFile; fileRef = A20000000000000100000011 /* L10n.swift */; };
		B175D2282F310AB600907398 /* VisualEffectBackground.swift in Sources */ = {isa = PBXBuildFile; fileRef = A20000000000000100000012 /* VisualEffectBackground.swift */; };
		B175D2292F310AB600907398 /* MediaKeyHandler.swift in Sources */ = {isa = PBXBuildFile; fileRef = A20000000000000100000013 /* MediaKeyHandler.swift */; };
		B175D22C2F310AB600907398 /* LiquidGlassModifier.swift in Sources */ = {isa = PBXBuildFile; fileRef = A20000000000000100000015 /* LiquidGlassModifier.swift */; };
		B175D22D2F310AB600907398 /* Preset.swift in Sources */ = {isa = PBXBuildFile; fileRef = A20000000000000100000016 /* Preset.swift */; };
		B175D22E2F310AB600907398 /* SidebarView.swift in Sources */ = {isa = PBXBuildFile; fileRef = A20000000000000100000017 /* SidebarView.swift */; };
		B175D2302F310AB600907398 /* SoundIcons.swift in Sources */ = {isa = PBXBuildFile; fileRef = A20000000000000100000019 /* SoundIcons.swift */; };
		B175D2312F310AB600907398 /* Mix.swift in Sources */ = {isa = PBXBuildFile; fileRef = A2000000000000010000001A /* Mix.swift */; };
		B175D2322F310AB600907398 /* MixesData.swift in Sources */ = {isa = PBXBuildFile; fileRef = A2000000000000010000001B /* MixesData.swift */; };
		B175D2332F310AB600907398 /* MixCategoryView.swift in Sources */ = {isa = PBXBuildFile; fileRef = A2000000000000010000001C /* MixCategoryView.swift */; };
		B175D2342F310AB600907398 /* Color+Hex.swift in Sources */ = {isa = PBXBuildFile; fileRef = A2000000000000010000001D /* Color+Hex.swift */; };
		B175D2352F310AB600907398 /* TimerItem.swift in Sources */ = {isa = PBXBuildFile; fileRef = A2000000000000010000001E /* TimerItem.swift */; };
		B175D2362F310AB600907398 /* TimerNotificationManager.swift in Sources */ = {isa = PBXBuildFile; fileRef = A2000000000000010000001F /* TimerNotificationManager.swift */; };
		B175D2372F310AB600907398 /* FloatingPlayerPanelView.swift in Sources */ = {isa = PBXBuildFile; fileRef = A20000000000000100000020 /* FloatingPlayerPanelView.swift */; };
		B175D2382F310AB600907398 /* LanguageManager.swift in Sources */ = {isa = PBXBuildFile; fileRef = A20000000000000100000021 /* LanguageManager.swift */; };
		B175D2392F310AB600907398 /* AccentColorChoice.swift in Sources */ = {isa = PBXBuildFile; fileRef = A20000000000000100000022 /* AccentColorChoice.swift */; };
		B175D23A2F310AB600907398 /* ExportedPreferences.swift in Sources */ = {isa = PBXBuildFile; fileRef = A20000000000000100000023 /* ExportedPreferences.swift */; };
		B175D23B2F310AB600907398 /* PreferencesExportService.swift in Sources */ = {isa = PBXBuildFile; fileRef = A20000000000000100000024 /* PreferencesExportService.swift */; };
		B175D23C2F310AB600907398 /* PreferencesImportService.swift in Sources */ = {isa = PBXBuildFile; fileRef = A20000000000000100000025 /* PreferencesImportService.swift */; };
		B20000000000000100000003 /* Sparkle in Frameworks */ = {isa = PBXBuildFile; productRef = B20000000000000100000002 /* Sparkle */; };
/* End PBXBuildFile section */

/* Begin PBXFileReference section */
		A20000000000000100000001 /* MoodistApp.swift */ = {isa = PBXFileReference; lastKnownFileType = sourcecode.swift; path = MoodistApp.swift; sourceTree = "<group>"; };
		A20000000000000100000002 /* ContentView.swift */ = {isa = PBXFileReference; lastKnownFileType = sourcecode.swift; path = ContentView.swift; sourceTree = "<group>"; };
		A20000000000000100000003 /* CategoryView.swift */ = {isa = PBXFileReference; lastKnownFileType = sourcecode.swift; path = CategoryView.swift; sourceTree = "<group>"; };
		A20000000000000100000004 /* SoundRow.swift */ = {isa = PBXFileReference; lastKnownFileType = sourcecode.swift; path = SoundRow.swift; sourceTree = "<group>"; };
		A20000000000000100000005 /* Sound.swift */ = {isa = PBXFileReference; lastKnownFileType = sourcecode.swift; path = Sound.swift; sourceTree = "<group>"; };
		A20000000000000100000006 /* SoundCategory.swift */ = {isa = PBXFileReference; lastKnownFileType = sourcecode.swift; path = SoundCategory.swift; sourceTree = "<group>"; };
		A20000000000000100000007 /* SoundStateItem.swift */ = {isa = PBXFileReference; lastKnownFileType = sourcecode.swift; path = SoundStateItem.swift; sourceTree = "<group>"; };
		A20000000000000100000008 /* SoundsData.swift */ = {isa = PBXFileReference; lastKnownFileType = sourcecode.swift; path = SoundsData.swift; sourceTree = "<group>"; };
		A20000000000000100000009 /* AudioService.swift */ = {isa = PBXFileReference; lastKnownFileType = sourcecode.swift; path = AudioService.swift; sourceTree = "<group>"; };
		A2000000000000010000000A /* PersistenceService.swift */ = {isa = PBXFileReference; lastKnownFileType = sourcecode.swift; path = PersistenceService.swift; sourceTree = "<group>"; };
		A2000000000000010000000B /* SoundStore.swift */ = {isa = PBXFileReference; lastKnownFileType = sourcecode.swift; path = SoundStore.swift; sourceTree = "<group>"; };
		A2000000000000010000000C /* PlatformColor.swift */ = {isa = PBXFileReference; lastKnownFileType = sourcecode.swift; path = PlatformColor.swift; sourceTree = "<group>"; };
		A2000000000000010000000D /* Assets.xcassets */ = {isa = PBXFileReference; lastKnownFileType = folder.assetcatalog; path = Assets.xcassets; sourceTree = "<group>"; };
		A2000000000000010000000E /* sounds */ = {isa = PBXFileReference; lastKnownFileType = folder; path = sounds; sourceTree = "<group>"; };
		A2000000000000010000000F /* OptionsView.swift */ = {isa = PBXFileReference; lastKnownFileType = sourcecode.swift; path = OptionsView.swift; sourceTree = "<group>"; };
		A20000000000000100000010 /* MoodistTheme.swift */ = {isa = PBXFileReference; lastKnownFileType = sourcecode.swift; path = MoodistTheme.swift; sourceTree = "<group>"; };
		A20000000000000100000011 /* L10n.swift */ = {isa = PBXFileReference; lastKnownFileType = sourcecode.swift; path = L10n.swift; sourceTree = "<group>"; };
		A20000000000000100000012 /* VisualEffectBackground.swift */ = {isa = PBXFileReference; lastKnownFileType = sourcecode.swift; path = VisualEffectBackground.swift; sourceTree = "<group>"; };
		A20000000000000100000013 /* MediaKeyHandler.swift */ = {isa = PBXFileReference; lastKnownFileType = sourcecode.swift; path = MediaKeyHandler.swift; sourceTree = "<group>"; };
		A20000000000000100000015 /* LiquidGlassModifier.swift */ = {isa = PBXFileReference; lastKnownFileType = sourcecode.swift; path = LiquidGlassModifier.swift; sourceTree = "<group>"; };
		A20000000000000100000016 /* Preset.swift */ = {isa = PBXFileReference; lastKnownFileType = sourcecode.swift; path = Preset.swift; sourceTree = "<group>"; };
		A20000000000000100000017 /* SidebarView.swift */ = {isa = PBXFileReference; lastKnownFileType = sourcecode.swift; path = SidebarView.swift; sourceTree = "<group>"; };
		A20000000000000100000019 /* SoundIcons.swift */ = {isa = PBXFileReference; lastKnownFileType = sourcecode.swift; path = SoundIcons.swift; sourceTree = "<group>"; };
		A2000000000000010000001A /* Mix.swift */ = {isa = PBXFileReference; lastKnownFileType = sourcecode.swift; path = Mix.swift; sourceTree = "<group>"; };
		A2000000000000010000001B /* MixesData.swift */ = {isa = PBXFileReference; lastKnownFileType = sourcecode.swift; path = MixesData.swift; sourceTree = "<group>"; };
		A2000000000000010000001C /* MixCategoryView.swift */ = {isa = PBXFileReference; lastKnownFileType = sourcecode.swift; path = MixCategoryView.swift; sourceTree = "<group>"; };
		A2000000000000010000001D /* Color+Hex.swift */ = {isa = PBXFileReference; lastKnownFileType = sourcecode.swift; path = "Color+Hex.swift"; sourceTree = "<group>"; };
		A2000000000000010000001E /* TimerItem.swift */ = {isa = PBXFileReference; lastKnownFileType = sourcecode.swift; path = TimerItem.swift; sourceTree = "<group>"; };
		A2000000000000010000001F /* TimerNotificationManager.swift */ = {isa = PBXFileReference; lastKnownFileType = sourcecode.swift; path = TimerNotificationManager.swift; sourceTree = "<group>"; };
		A20000000000000100000020 /* FloatingPlayerPanelView.swift */ = {isa = PBXFileReference; lastKnownFileType = sourcecode.swift; path = FloatingPlayerPanelView.swift; sourceTree = "<group>"; };
		A20000000000000100000021 /* LanguageManager.swift */ = {isa = PBXFileReference; lastKnownFileType = sourcecode.swift; path = LanguageManager.swift; sourceTree = "<group>"; };
		A20000000000000100000022 /* AccentColorChoice.swift */ = {isa = PBXFileReference; lastKnownFileType = sourcecode.swift; path = AccentColorChoice.swift; sourceTree = "<group>"; };
		A20000000000000100000023 /* ExportedPreferences.swift */ = {isa = PBXFileReference; lastKnownFileType = sourcecode.swift; path = ExportedPreferences.swift; sourceTree = "<group>"; };
		A20000000000000100000024 /* PreferencesExportService.swift */ = {isa = PBXFileReference; lastKnownFileType = sourcecode.swift; path = PreferencesExportService.swift; sourceTree = "<group>"; };
		A20000000000000100000025 /* PreferencesImportService.swift */ = {isa = PBXFileReference; lastKnownFileType = sourcecode.swift; path = PreferencesImportService.swift; sourceTree = "<group>"; };
		A20000000000000100000026 /* Info.plist */ = {isa = PBXFileReference; lastKnownFileType = text.plist.xml; path = Info.plist; sourceTree = "<group>"; };
		B175D22B2F310AB600907398 /* MoodistMac.app */ = {isa = PBXFileReference; explicitFileType = wrapper.application; includeInIndex = 0; path = MoodistMac.app; sourceTree = BUILT_PRODUCTS_DIR; };
/* End PBXFileReference section */

/* Begin PBXFrameworksBuildPhase section */
		A40000000000000100000002 /* Frameworks */ = {
			isa = PBXFrameworksBuildPhase;
			buildActionMask = 2147483647;
			files = (
				B20000000000000100000003 /* Sparkle in Frameworks */,
			);
			runOnlyForDeploymentPostprocessing = 0;
		};
/* End PBXFrameworksBuildPhase section */

/* Begin PBXGroup section */
		A50000000000000100000001 = {
			isa = PBXGroup;
			children = (
				A50000000000000100000002 /* Moodist */,
				A50000000000000100000003 /* Products */,
			);
			sourceTree = "<group>";
		};
		A50000000000000100000002 /* Moodist */ = {
			isa = PBXGroup;
			children = (
				A20000000000000100000001 /* MoodistApp.swift */,
				A50000000000000100000004 /* Views */,
				A50000000000000100000005 /* Models */,
				A50000000000000100000006 /* Data */,
				A50000000000000100000007 /* Services */,
				A50000000000000100000008 /* Store */,
				A50000000000000100000009 /* Helpers */,
				A2000000000000010000000D /* Assets.xcassets */,
				A20000000000000100000026 /* Info.plist */,
				A2000000000000010000000E /* sounds */,
			);
			path = Moodist;
			sourceTree = "<group>";
		};
		A50000000000000100000003 /* Products */ = {
			isa = PBXGroup;
			children = (
				B175D22B2F310AB600907398 /* MoodistMac.app */,
			);
			name = Products;
			sourceTree = "<group>";
		};
		A50000000000000100000004 /* Views */ = {
			isa = PBXGroup;
			children = (
				A20000000000000100000002 /* ContentView.swift */,
				A20000000000000100000003 /* CategoryView.swift */,
				A2000000000000010000001C /* MixCategoryView.swift */,
				A20000000000000100000004 /* SoundRow.swift */,
				A2000000000000010000000F /* OptionsView.swift */,
				A20000000000000100000017 /* SidebarView.swift */,
				A20000000000000100000020 /* FloatingPlayerPanelView.swift */,
			);
			path = Views;
			sourceTree = "<group>";
		};
		A50000000000000100000005 /* Models */ = {
			isa = PBXGroup;
			children = (
				A20000000000000100000005 /* Sound.swift */,
				A20000000000000100000006 /* SoundCategory.swift */,
				A20000000000000100000007 /* SoundStateItem.swift */,
				A20000000000000100000016 /* Preset.swift */,
				A2000000000000010000001E /* TimerItem.swift */,
				A2000000000000010000001A /* Mix.swift */,
				A20000000000000100000023 /* ExportedPreferences.swift */,
			);
			path = Models;
			sourceTree = "<group>";
		};
		A50000000000000100000006 /* Data */ = {
			isa = PBXGroup;
			children = (
				A20000000000000100000019 /* SoundIcons.swift */,
				A20000000000000100000008 /* SoundsData.swift */,
				A2000000000000010000001B /* MixesData.swift */,
			);
			path = Data;
			sourceTree = "<group>";
		};
		A50000000000000100000007 /* Services */ = {
			isa = PBXGroup;
			children = (
				A20000000000000100000009 /* AudioService.swift */,
				A2000000000000010000000A /* PersistenceService.swift */,
				A20000000000000100000013 /* MediaKeyHandler.swift */,
				A2000000000000010000001F /* TimerNotificationManager.swift */,
				A20000000000000100000024 /* PreferencesExportService.swift */,
				A20000000000000100000025 /* PreferencesImportService.swift */,
			);
			path = Services;
			sourceTree = "<group>";
		};
		A50000000000000100000008 /* Store */ = {
			isa = PBXGroup;
			children = (
				A2000000000000010000000B /* SoundStore.swift */,
			);
			path = Store;
			sourceTree = "<group>";
		};
		A50000000000000100000009 /* Helpers */ = {
			isa = PBXGroup;
			children = (
				A2000000000000010000000C /* PlatformColor.swift */,
				A20000000000000100000010 /* MoodistTheme.swift */,
				A20000000000000100000011 /* L10n.swift */,
				A20000000000000100000012 /* VisualEffectBackground.swift */,
				A20000000000000100000015 /* LiquidGlassModifier.swift */,
				A2000000000000010000001D /* Color+Hex.swift */,
				A20000000000000100000022 /* AccentColorChoice.swift */,
				A20000000000000100000021 /* LanguageManager.swift */,
			);
			path = Helpers;
			sourceTree = "<group>";
		};
/* End PBXGroup section */

/* Begin PBXNativeTarget section */
		A60000000000000100000002 /* MoodistMac */ = {
			isa = PBXNativeTarget;
			buildConfigurationList = A80000000000000100000003 /* Build configuration list for PBXNativeTarget "MoodistMac" */;
			buildPhases = (
				A70000000000000100000003 /* Sources */,
				A40000000000000100000002 /* Frameworks */,
				A70000000000000100000004 /* Resources */,
			);
			buildRules = (
			);
			dependencies = (
			);
			name = MoodistMac;
			packageProductDependencies = (
				B20000000000000100000002 /* Sparkle */,
			);
			productName = MoodistMac;
			productReference = B175D22B2F310AB600907398 /* MoodistMac.app */;
			productType = "com.apple.product-type.application";
		};
/* End PBXNativeTarget section */

/* Begin PBXProject section */
		A90000000000000100000001 /* Project object */ = {
			isa = PBXProject;
			attributes = {
				BuildIndependentTargetsInParallel = 1;
				LastSwiftUpdateCheck = 1500;
				LastUpgradeCheck = 2620;
			};
			buildConfigurationList = A80000000000000100000001 /* Build configuration list for PBXProject "MoodistMac" */;
			compatibilityVersion = "Xcode 14.0";
			developmentRegion = en;
			hasScannedForEncodings = 0;
			knownRegions = (
				en,
				Base,
				es,
			);
			mainGroup = A50000000000000100000001;
			packageReferences = (
				B20000000000000100000001 /* XCRemoteSwiftPackageReference "Sparkle" */,
			);
			productRefGroup = A50000000000000100000003 /* Products */;
			projectDirPath = "";
			projectRoot = "";
			targets = (
				A60000000000000100000002 /* MoodistMac */,
			);
		};
/* End PBXProject section */

/* Begin PBXResourcesBuildPhase section */
		A70000000000000100000004 /* Resources */ = {
			isa = PBXResourcesBuildPhase;
			buildActionMask = 2147483647;
			files = (
				B175D2232F310AB600907398 /* Assets.xcassets in Resources */,
				B175D2242F310AB600907398 /* sounds in Resources */,
			);
			runOnlyForDeploymentPostprocessing = 0;
		};
/* End PBXResourcesBuildPhase section */

/* Begin PBXSourcesBuildPhase section */
		A70000000000000100000003 /* Sources */ = {
			isa = PBXSourcesBuildPhase;
			buildActionMask = 2147483647;
			files = (
				B175D2172F310AB600907398 /* MoodistApp.swift in Sources */,
				B175D2182F310AB600907398 /* ContentView.swift in Sources */,
				B175D2192F310AB600907398 /* CategoryView.swift in Sources */,
				B175D21A2F310AB600907398 /* SoundRow.swift in Sources */,
				B175D21B2F310AB600907398 /* Sound.swift in Sources */,
				B175D21C2F310AB600907398 /* SoundCategory.swift in Sources */,
				B175D21D2F310AB600907398 /* SoundStateItem.swift in Sources */,
				B175D21E2F310AB600907398 /* SoundsData.swift in Sources */,
				B175D21F2F310AB600907398 /* AudioService.swift in Sources */,
				B175D2202F310AB600907398 /* PersistenceService.swift in Sources */,
				B175D2212F310AB600907398 /* SoundStore.swift in Sources */,
				B175D2222F310AB600907398 /* PlatformColor.swift in Sources */,
				B175D2252F310AB600907398 /* OptionsView.swift in Sources */,
				B175D2262F310AB600907398 /* MoodistTheme.swift in Sources */,
				B175D2272F310AB600907398 /* L10n.swift in Sources */,
				B175D2282F310AB600907398 /* VisualEffectBackground.swift in Sources */,
				B175D2292F310AB600907398 /* MediaKeyHandler.swift in Sources */,
				B175D22C2F310AB600907398 /* LiquidGlassModifier.swift in Sources */,
				B175D22D2F310AB600907398 /* Preset.swift in Sources */,
				B175D22E2F310AB600907398 /* SidebarView.swift in Sources */,
				B175D2302F310AB600907398 /* SoundIcons.swift in Sources */,
				B175D2312F310AB600907398 /* Mix.swift in Sources */,
				B175D2322F310AB600907398 /* MixesData.swift in Sources */,
				B175D2332F310AB600907398 /* MixCategoryView.swift in Sources */,
				B175D2342F310AB600907398 /* Color+Hex.swift in Sources */,
				B175D2352F310AB600907398 /* TimerItem.swift in Sources */,
				B175D2362F310AB600907398 /* TimerNotificationManager.swift in Sources */,
				B175D2372F310AB600907398 /* FloatingPlayerPanelView.swift in Sources */,
				B175D2382F310AB600907398 /* LanguageManager.swift in Sources */,
				B175D2392F310AB600907398 /* AccentColorChoice.swift in Sources */,
				B175D23A2F310AB600907398 /* ExportedPreferences.swift in Sources */,
				B175D23B2F310AB600907398 /* PreferencesExportService.swift in Sources */,
				B175D23C2F310AB600907398 /* PreferencesImportService.swift in Sources */,
			);
			runOnlyForDeploymentPostprocessing = 0;
		};
/* End PBXSourcesBuildPhase section */

/* Begin XCBuildConfiguration section */
		AA0000000000000100000001 /* Debug */ = {
			isa = XCBuildConfiguration;
			buildSettings = {
				ALWAYS_SEARCH_USER_PATHS = NO;
				ASSETCATALOG_COMPILER_GENERATE_SWIFT_ASSET_SYMBOL_EXTENSIONS = YES;
				CLANG_ANALYZER_LOCALIZABILITY_NONLOCALIZED = YES;
				CLANG_ANALYZER_NONNULL = YES;
				CLANG_ANALYZER_NUMBER_OBJECT_CONVERSION = YES_AGGRESSIVE;
				CLANG_CXX_LANGUAGE_STANDARD = "gnu++20";
				CLANG_ENABLE_MODULES = YES;
				CLANG_ENABLE_OBJC_ARC = YES;
				CLANG_ENABLE_OBJC_WEAK = YES;
				CLANG_WARN_BLOCK_CAPTURE_AUTORELEASING = YES;
				CLANG_WARN_BOOL_CONVERSION = YES;
				CLANG_WARN_COMMA = YES;
				CLANG_WARN_CONSTANT_CONVERSION = YES;
				CLANG_WARN_DEPRECATED_OBJC_IMPLEMENTATIONS = YES;
				CLANG_WARN_DIRECT_OBJC_ISA_USAGE = YES_ERROR;
				CLANG_WARN_DOCUMENTATION_COMMENTS = YES;
				CLANG_WARN_EMPTY_BODY = YES;
				CLANG_WARN_ENUM_CONVERSION = YES;
				CLANG_WARN_INFINITE_RECURSION = YES;
				CLANG_WARN_INT_CONVERSION = YES;
				CLANG_WARN_NON_LITERAL_NULL_CONVERSION = YES;
				CLANG_WARN_OBJC_IMPLICIT_RETAIN_SELF = YES;
				CLANG_WARN_OBJC_LITERAL_CONVERSION = YES;
				CLANG_WARN_OBJC_ROOT_CLASS = YES_ERROR;
				CLANG_WARN_QUOTED_INCLUDE_IN_FRAMEWORK_HEADER = YES;
				CLANG_WARN_RANGE_LOOP_ANALYSIS = YES;
				CLANG_WARN_STRICT_PROTOTYPES = YES;
				CLANG_WARN_SUSPICIOUS_MOVE = YES;
				CLANG_WARN_UNGUARDED_AVAILABILITY = YES_AGGRESSIVE;
				CLANG_WARN_UNREACHABLE_CODE = YES;
				CLANG_WARN__DUPLICATE_METHOD_MATCH = YES;
				COPY_PHASE_STRIP = NO;
				DEAD_CODE_STRIPPING = YES;
				DEBUG_INFORMATION_FORMAT = dwarf;
				ENABLE_STRICT_OBJC_MSGSEND = YES;
				ENABLE_TESTABILITY = YES;
				ENABLE_USER_SCRIPT_SANDBOXING = YES;
				GCC_C_LANGUAGE_STANDARD = gnu17;
				GCC_DYNAMIC_NO_PIC = NO;
				GCC_NO_COMMON_BLOCKS = YES;
				GCC_OPTIMIZATION_LEVEL = 0;
				GCC_PREPROCESSOR_DEFINITIONS = (
					"DEBUG=1",
					"$(inherited)",
				);
				GCC_WARN_64_TO_32_BIT_CONVERSION = YES;
				GCC_WARN_ABOUT_RETURN_TYPE = YES_ERROR;
				GCC_WARN_UNDECLARED_SELECTOR = YES;
				GCC_WARN_UNINITIALIZED_AUTOS = YES_AGGRESSIVE;
				GCC_WARN_UNUSED_FUNCTION = YES;
				GCC_WARN_UNUSED_VARIABLE = YES;
				LOCALIZATION_PREFERS_STRING_CATALOGS = YES;
				MTL_ENABLE_DEBUG_INFO = INCLUDE_SOURCE;
				MTL_FAST_MATH = YES;
				ONLY_ACTIVE_ARCH = YES;
				STRING_CATALOG_GENERATE_SYMBOLS = YES;
				SWIFT_ACTIVE_COMPILATION_CONDITIONS = "DEBUG $(inherited)";
				SWIFT_OPTIMIZATION_LEVEL = "-Onone";
			};
			name = Debug;
		};
		AA0000000000000100000002 /* Release */ = {
			isa = XCBuildConfiguration;
			buildSettings = {
				ALWAYS_SEARCH_USER_PATHS = NO;
				ASSETCATALOG_COMPILER_GENERATE_SWIFT_ASSET_SYMBOL_EXTENSIONS = YES;
				CLANG_ANALYZER_LOCALIZABILITY_NONLOCALIZED = YES;
				CLANG_ANALYZER_NONNULL = YES;
				CLANG_ANALYZER_NUMBER_OBJECT_CONVERSION = YES_AGGRESSIVE;
				CLANG_CXX_LANGUAGE_STANDARD = "gnu++20";
				CLANG_ENABLE_MODULES = YES;
				CLANG_ENABLE_OBJC_ARC = YES;
				CLANG_ENABLE_OBJC_WEAK = YES;
				CLANG_WARN_BLOCK_CAPTURE_AUTORELEASING = YES;
				CLANG_WARN_BOOL_CONVERSION = YES;
				CLANG_WARN_COMMA = YES;
				CLANG_WARN_CONSTANT_CONVERSION = YES;
				CLANG_WARN_DEPRECATED_OBJC_IMPLEMENTATIONS = YES;
				CLANG_WARN_DIRECT_OBJC_ISA_USAGE = YES_ERROR;
				CLANG_WARN_DOCUMENTATION_COMMENTS = YES;
				CLANG_WARN_EMPTY_BODY = YES;
				CLANG_WARN_ENUM_CONVERSION = YES;
				CLANG_WARN_INFINITE_RECURSION = YES;
				CLANG_WARN_INT_CONVERSION = YES;
				CLANG_WARN_NON_LITERAL_NULL_CONVERSION = YES;
				CLANG_WARN_OBJC_IMPLICIT_RETAIN_SELF = YES;
				CLANG_WARN_OBJC_LITERAL_CONVERSION = YES;
				CLANG_WARN_OBJC_ROOT_CLASS = YES_ERROR;
				CLANG_WARN_QUOTED_INCLUDE_IN_FRAMEWORK_HEADER = YES;
				CLANG_WARN_RANGE_LOOP_ANALYSIS = YES;
				CLANG_WARN_STRICT_PROTOTYPES = YES;
				CLANG_WARN_SUSPICIOUS_MOVE = YES;
				CLANG_WARN_UNGUARDED_AVAILABILITY = YES_AGGRESSIVE;
				CLANG_WARN_UNREACHABLE_CODE = YES;
				CLANG_WARN__DUPLICATE_METHOD_MATCH = YES;
				COPY_PHASE_STRIP = NO;
				DEAD_CODE_STRIPPING = YES;
				DEBUG_INFORMATION_FORMAT = "dwarf-with-dsym";
				ENABLE_NS_ASSERTIONS = NO;
				ENABLE_STRICT_OBJC_MSGSEND = YES;
				ENABLE_USER_SCRIPT_SANDBOXING = YES;
				GCC_C_LANGUAGE_STANDARD = gnu17;
				GCC_NO_COMMON_BLOCKS = YES;
				GCC_WARN_64_TO_32_BIT_CONVERSION = YES;
				GCC_WARN_ABOUT_RETURN_TYPE = YES_ERROR;
				GCC_WARN_UNDECLARED_SELECTOR = YES;
				GCC_WARN_UNINITIALIZED_AUTOS = YES_AGGRESSIVE;
				GCC_WARN_UNUSED_FUNCTION = YES;
				GCC_WARN_UNUSED_VARIABLE = YES;
				LOCALIZATION_PREFERS_STRING_CATALOGS = YES;
				MTL_ENABLE_DEBUG_INFO = NO;
				MTL_FAST_MATH = YES;
				STRING_CATALOG_GENERATE_SYMBOLS = YES;
				SWIFT_COMPILATION_MODE = wholemodule;
			};
			name = Release;
		};
		AA0000000000000100000005 /* Debug */ = {
			isa = XCBuildConfiguration;
			buildSettings = {
				ASSETCATALOG_COMPILER_APPICON_NAME = AppIcon;
				ASSETCATALOG_COMPILER_GLOBAL_ACCENT_COLOR_NAME = AccentColor;
				CODE_SIGN_ENTITLEMENTS = "";
				CODE_SIGN_STYLE = Automatic;
				COMBINE_HIDPI_IMAGES = YES;
				CURRENT_PROJECT_VERSION = 2;
				DEAD_CODE_STRIPPING = YES;
				DEVELOPMENT_ASSET_PATHS = "";
			ENABLE_HARDENED_RUNTIME = YES;
			ENABLE_PREVIEWS = YES;
			GENERATE_INFOPLIST_FILE = YES;
			INFOPLIST_FILE = Moodist/Info.plist;
			INFOPLIST_KEY_LSApplicationCategoryType = "public.app-category.music";
			LD_RUNPATH_SEARCH_PATHS = (
				"$(inherited)",
				"@executable_path/../Frameworks",
			);
			MACOSX_DEPLOYMENT_TARGET = 15.0;
			MARKETING_VERSION = "1.0 Beta 2";
			NSPrincipalClass = NSApplication;
			PRODUCT_BUNDLE_IDENTIFIER = net.mvze.MoodistMac;
			PRODUCT_NAME = MoodistMac;
			SDKROOT = macosx;
			SWIFT_EMIT_LOC_STRINGS = YES;
			SWIFT_VERSION = 5.0;
		};
		name = Debug;
		};
		AA0000000000000100000006 /* Release */ = {
			isa = XCBuildConfiguration;
			buildSettings = {
				ASSETCATALOG_COMPILER_APPICON_NAME = AppIcon;
				ASSETCATALOG_COMPILER_GLOBAL_ACCENT_COLOR_NAME = AccentColor;
				CODE_SIGN_ENTITLEMENTS = "";
				CODE_SIGN_STYLE = Automatic;
				COMBINE_HIDPI_IMAGES = YES;
				CURRENT_PROJECT_VERSION = 2;
				DEAD_CODE_STRIPPING = YES;
				DEVELOPMENT_ASSET_PATHS = "";
			ENABLE_HARDENED_RUNTIME = YES;
			ENABLE_PREVIEWS = YES;
			GENERATE_INFOPLIST_FILE = YES;
			INFOPLIST_FILE = Moodist/Info.plist;
			INFOPLIST_KEY_LSApplicationCategoryType = "public.app-category.music";
			LD_RUNPATH_SEARCH_PATHS = (
				"$(inherited)",
				"@executable_path/../Frameworks",
			);
			MACOSX_DEPLOYMENT_TARGET = 15.0;
			MARKETING_VERSION = "1.0 Beta 2";
			NSPrincipalClass = NSApplication;
			PRODUCT_BUNDLE_IDENTIFIER = net.mvze.MoodistMac;
			PRODUCT_NAME = MoodistMac;
			SDKROOT = macosx;
			SWIFT_EMIT_LOC_STRINGS = YES;
			SWIFT_VERSION = 5.0;
		};
		name = Release;
		};
/* End XCBuildConfiguration section */

/* Begin XCConfigurationList section */
		A80000000000000100000001 /* Build configuration list for PBXProject "MoodistMac" */ = {
			isa = XCConfigurationList;
			buildConfigurations = (
				AA0000000000000100000001 /* Debug */,
				AA0000000000000100000002 /* Release */,
			);
			defaultConfigurationIsVisible = 0;
			defaultConfigurationName = Release;
		};
		A80000000000000100000003 /* Build configuration list for PBXNativeTarget "MoodistMac" */ = {
			isa = XCConfigurationList;
			buildConfigurations = (
				AA0000000000000100000005 /* Debug */,
				AA0000000000000100000006 /* Release */,
			);
			defaultConfigurationIsVisible = 0;
			defaultConfigurationName = Release;
		};
/* End XCConfigurationList section */

/* Begin XCRemoteSwiftPackageReference section */
		B20000000000000100000001 /* XCRemoteSwiftPackageReference "Sparkle" */ = {
			isa = XCRemoteSwiftPackageReference;
			repositoryURL = "https://github.com/sparkle-project/Sparkle";
			requirement = {
				kind = upToNextMajorVersion;
				minimumVersion = 2.0.0;
			};
		};
/* End XCRemoteSwiftPackageReference section */

/* Begin XCSwiftPackageProductDependency section */
		B20000000000000100000002 /* Sparkle */ = {
			isa = XCSwiftPackageProductDependency;
			package = B20000000000000100000001 /* XCRemoteSwiftPackageReference "Sparkle" */;
			productName = Sparkle;
		};
/* End XCSwiftPackageProductDependency section */
	};
	rootObject = A90000000000000100000001 /* Project object */;
}
